
Microsoft Visual Studio Solution File, Format Version 12.00
# Visual Studio Version 16
VisualStudioVersion = 16.0.28803.202
MinimumVisualStudioVersion = 10.0.40219.1
Project("{FAE04EC0-301F-11D3-BF4B-00C04F79EFBC}") = "Sprocket", "Sprocket\Sprocket.csproj", "{115E875D-6B6C-4538-B7F3-17398D222231}"
EndProject
Project("{FAE04EC0-301F-11D3-BF4B-00C04F79EFBC}") = "Sprocket.Tests", "Sprocket.Tests\Sprocket.Tests.csproj", "{1D9B66C0-E3DA-4B38-B3A7-B9C8AC0AA92E}"
EndProject
Global
	GlobalSection(SolutionConfigurationPlatforms) = preSolution
		Debug|Any CPU = Debug|Any CPU
		Release|Any CPU = Release|Any CPU
	EndGlobalSection
	GlobalSection(ProjectConfigurationPlatforms) = postSolution
		{115E875D-6B6C-4538-B7F3-17398D222231}.Debug|Any CPU.ActiveCfg = Debug|Any CPU
		{115E875D-6B6C-4538-B7F3-17398D222231}.Debug|Any CPU.Build.0 = Debug|Any CPU
		{115E875D-6B6C-4538-B7F3-17398D222231}.Release|Any CPU.ActiveCfg = Release|Any CPU
		{115E875D-6B6C-4538-B7F3-17398D222231}.Release|Any CPU.Build.0 = Release|Any CPU
		{1D9B66C0-E3DA-4B38-B3A7-B9C8AC0AA92E}.Debug|Any CPU.ActiveCfg = Debug|Any CPU
		{1D9B66C0-E3DA-4B38-B3A7-B9C8AC0AA92E}.Debug|Any CPU.Build.0 = Debug|Any CPU
		{1D9B66C0-E3DA-4B38-B3A7-B9C8AC0AA92E}.Release|Any CPU.ActiveCfg = Release|Any CPU
		{1D9B66C0-E3DA-4B38-B3A7-B9C8AC0AA92E}.Release|Any CPU.Build.0 = Release|Any CPU
	EndGlobalSection
	GlobalSection(SolutionProperties) = preSolution
		HideSolutionNode = FALSE
	EndGlobalSection
	GlobalSection(ExtensibilityGlobals) = postSolution
		SolutionGuid = {BF47D623-8CD1-4EBF-966E-F5715B240F8D}
	EndGlobalSection
EndGlobal
